<?xml version="1.0" encoding="utf-8"?>
<Project ToolsVersion="4.0" xmlns="http://schemas.microsoft.com/developer/msbuild/2003">
  <ItemGroup>
    <ClCompile Include="AlienBig.cpp" />
    <ClCompile Include="AlienSmall.cpp" />
    <ClCompile Include="Animation.cpp" />
    <ClCompile Include="BaseObject.cpp" />
    <ClCompile Include="BaseState.cpp" />
    <ClCompile Include="Bomb.cpp" />
    <ClCompile Include="BossDragon.cpp" />
    <ClCompile Include="BossKraid.cpp" />
    <ClCompile Include="Brick.cpp" />
    <ClCompile Include="Bullet.cpp" />
    <ClCompile Include="Camera.cpp" />
    <ClCompile Include="Collision.cpp" />
    <ClCompile Include="EnergyTank.cpp" />
    <ClCompile Include="GameDebug.cpp" />
    <ClCompile Include="GameLog.cpp" />
    <ClCompile Include="GameManager.cpp" />
    <ClCompile Include="GateBlue.cpp" />
    <ClCompile Include="Graphics.cpp" />
    <ClCompile Include="IceBeam.cpp" />
    <ClCompile Include="IndexManager.cpp" />
    <ClCompile Include="Input.cpp" />
    <ClCompile Include="LongBeam.cpp" />
    <ClCompile Include="Map.cpp" />
    <ClCompile Include="MapInfo.cpp" />
    <ClCompile Include="MaruMari.cpp" />
    <ClCompile Include="Metroid.cpp" />
    <ClCompile Include="BulletPool.cpp" />
    <ClCompile Include="MissileRocket.cpp" />
    <ClCompile Include="ObjectManager.cpp" />
    <ClCompile Include="Port.cpp" />
    <ClCompile Include="Quadtree.cpp" />
    <ClCompile Include="Rio.cpp" />
    <ClCompile Include="Ripper.cpp" />
    <ClCompile Include="Samus.cpp" />
    <ClCompile Include="SamusStateAcrobat.cpp" />
    <ClCompile Include="SamusStateFallRolling.cpp" />
    <ClCompile Include="SamusStateJumping.cpp" />
    <ClCompile Include="SamusStateManager.cpp" />
    <ClCompile Include="SamusStateRolling.cpp" />
    <ClCompile Include="SamusStateRunning.cpp" />
    <ClCompile Include="SamusStateStanding.cpp" />
    <ClCompile Include="SamusStateStart.cpp" />
    <ClCompile Include="Skree.cpp" />
    <ClCompile Include="SkreeEffectDeath.cpp" />
    <ClCompile Include="SkreeEffectDeathPart.cpp" />
    <ClCompile Include="Sound.cpp" />
    <ClCompile Include="Sprite.cpp" />
    <ClCompile Include="SpriteManager.cpp" />
    <ClCompile Include="Text.cpp" />
    <ClCompile Include="TextureManager.cpp" />
    <ClCompile Include="Varia.cpp" />
    <ClCompile Include="Waver.cpp" />
    <ClCompile Include="WinMain.cpp" />
    <ClCompile Include="Zeb.cpp" />
    <ClCompile Include="Zommer.cpp" />
    <ClCompile Include="IFreezable.cpp" />
    <ClCompile Include="SamusStateInjuring.cpp" />
    <ClCompile Include="MotherBrain.cpp" />
    <ClCompile Include="BoomBomb.cpp" />
    <ClCompile Include="BoomBombPool.cpp" />
    <ClCompile Include="GateRed.cpp" />
    <ClCompile Include="MotherBrainBullet.cpp" />
    <ClCompile Include="MBulletPool.cpp" />
    <ClCompile Include="Rocket.cpp" />
    <ClCompile Include="RocketPool.cpp" />
    <ClCompile Include="IExplosible.cpp" />
  </ItemGroup>
  <ItemGroup>
    <ClInclude Include="AlienBig.h" />
    <ClInclude Include="AlienSmall.h" />
    <ClInclude Include="Animation.h" />
    <ClInclude Include="BaseObject.h" />
    <ClInclude Include="BaseState.h" />
    <ClInclude Include="Bomb.h" />
    <ClInclude Include="BossDragon.h" />
    <ClInclude Include="BossKraid.h" />
    <ClInclude Include="Brick.h" />
    <ClInclude Include="Bullet.h" />
    <ClInclude Include="Camera.h" />
    <ClInclude Include="Collision.h" />
    <ClInclude Include="Constants.h" />
    <ClInclude Include="EnergyTank.h" />
    <ClInclude Include="GameDebug.h" />
    <ClInclude Include="GameError.h" />
    <ClInclude Include="GameLog.h" />
    <ClInclude Include="GameManager.h" />
    <ClInclude Include="GateBlue.h" />
    <ClInclude Include="Graphics.h" />
    <ClInclude Include="IceBeam.h" />
    <ClInclude Include="IndexManager.h" />
    <ClInclude Include="Input.h" />
    <ClInclude Include="LongBeam.h" />
    <ClInclude Include="Map.h" />
    <ClInclude Include="MapInfo.h" />
    <ClInclude Include="MaruMari.h" />
    <ClInclude Include="Metroid.h" />
    <ClInclude Include="BulletPool.h" />
    <ClInclude Include="MissileRocket.h" />
    <ClInclude Include="ObjectManager.h" />
    <ClInclude Include="Port.h" />
    <ClInclude Include="Quadtree.h" />
    <ClInclude Include="resource.h" />
    <ClInclude Include="Rio.h" />
    <ClInclude Include="Ripper.h" />
    <ClInclude Include="Samus.h" />
    <ClInclude Include="SamusStateAcrobat.h" />
    <ClInclude Include="SamusStateFallRolling.h" />
    <ClInclude Include="SamusStateJumping.h" />
    <ClInclude Include="SamusStateManager.h" />
    <ClInclude Include="SamusStateRolling.h" />
    <ClInclude Include="SamusStateRunning.h" />
    <ClInclude Include="SamusStateStanding.h" />
    <ClInclude Include="SamusStateStart.h" />
    <ClInclude Include="Skree.h" />
    <ClInclude Include="SkreeEffectDeath.h" />
    <ClInclude Include="SkreeEffectDeathPart.h" />
    <ClInclude Include="Sound.h" />
    <ClInclude Include="Sprite.h" />
    <ClInclude Include="SpriteManager.h" />
    <ClInclude Include="Text.h" />
    <ClInclude Include="TextureManager.h" />
    <ClInclude Include="Varia.h" />
    <ClInclude Include="Waver.h" />
    <ClInclude Include="Zeb.h" />
    <ClInclude Include="Zommer.h" />
    <ClInclude Include="IFreezable.h" />
    <ClInclude Include="SamusStateInjuring.h" />
    <ClInclude Include="MotherBrain.h" />
    <ClInclude Include="BoomBomb.h" />
    <ClInclude Include="BoomBombPool.h" />
    <ClInclude Include="GateRed.h" />
    <ClInclude Include="MotherBrainBullet.h" />
    <ClInclude Include="MBulletPool.h" />
    <ClInclude Include="Rocket.h" />
    <ClInclude Include="RocketPool.h" />
    <ClInclude Include="IExplosible.h" />
  </ItemGroup>
  <ItemGroup>
    <ResourceCompile Include="Metroid.rc" />
  </ItemGroup>
  <ItemGroup>
    <Image Include="Resoures\Icon\Metroid.ico" />
  </ItemGroup>
</Project>